
Microsoft Visual Studio Solution File, Format Version 12.00
# Visual Studio Version 17
VisualStudioVersion = 17.1.32228.430
MinimumVisualStudioVersion = 10.0.40219.1
Project("{FAE04EC0-301F-11D3-BF4B-00C04F79EFBC}") = "Downloader", "UpdateTest\Downloader.csproj", "{436F141F-7A27-4E2C-8724-60359A3D67DB}"
EndProject
Project("{FAE04EC0-301F-11D3-BF4B-00C04F79EFBC}") = "updater", "updater\updater.csproj", "{5AF8ACDE-FF86-4936-AA2F-A62F5BBD9AA4}"
EndProject
Project("{54435603-DBB4-11D2-8724-00A0C9A8B90C}") = "Setup1", "Setup1\Setup1.vdproj", "{57774B8D-A7C7-472D-A6AA-DFAF8151C8C9}"
EndProject
Global
	GlobalSection(SolutionConfigurationPlatforms) = preSolution
		Debug|Any CPU = Debug|Any CPU
		Release|Any CPU = Release|Any CPU
	EndGlobalSection
	GlobalSection(ProjectConfigurationPlatforms) = postSolution
		{436F141F-7A27-4E2C-8724-60359A3D67DB}.Debug|Any CPU.ActiveCfg = Debug|Any CPU
		{436F141F-7A27-4E2C-8724-60359A3D67DB}.Debug|Any CPU.Build.0 = Debug|Any CPU
		{436F141F-7A27-4E2C-8724-60359A3D67DB}.Release|Any CPU.ActiveCfg = Release|Any CPU
		{436F141F-7A27-4E2C-8724-60359A3D67DB}.Release|Any CPU.Build.0 = Release|Any CPU
		{5AF8ACDE-FF86-4936-AA2F-A62F5BBD9AA4}.Debug|Any CPU.ActiveCfg = Debug|Any CPU
		{5AF8ACDE-FF86-4936-AA2F-A62F5BBD9AA4}.Debug|Any CPU.Build.0 = Debug|Any CPU
		{5AF8ACDE-FF86-4936-AA2F-A62F5BBD9AA4}.Release|Any CPU.ActiveCfg = Release|Any CPU
		{5AF8ACDE-FF86-4936-AA2F-A62F5BBD9AA4}.Release|Any CPU.Build.0 = Release|Any CPU
		{57774B8D-A7C7-472D-A6AA-DFAF8151C8C9}.Debug|Any CPU.ActiveCfg = Debug
		{57774B8D-A7C7-472D-A6AA-DFAF8151C8C9}.Release|Any CPU.ActiveCfg = Release
	EndGlobalSection
	GlobalSection(SolutionProperties) = preSolution
		HideSolutionNode = FALSE
	EndGlobalSection
	GlobalSection(ExtensibilityGlobals) = postSolution
		SolutionGuid = {93544BC8-79A5-4C9F-85DC-AF3A05985874}
	EndGlobalSection
EndGlobal
